// !$*UTF8*$!
{
	archiveVersion = 1;
	classes = {
	};
	objectVersion = 46;
	objects = {

/* Begin PBXAggregateTarget section */
		88A42FAA17877504009FB554 /* Documentation */ = {
			isa = PBXAggregateTarget;
			buildConfigurationList = 88A42FAB17877504009FB554 /* Build configuration list for PBXAggregateTarget "Documentation" */;
			buildPhases = (
				88A42FB017877583009FB554 /* ShellScript */,
			);
			dependencies = (
			);
			name = Documentation;
			productName = Documentation;
		};
/* End PBXAggregateTarget section */

/* Begin PBXBuildFile section */
		880B0247178862D2005BAD60 /* IDFile.m in Sources */ = {isa = PBXBuildFile; fileRef = 880B0246178862D2005BAD60 /* IDFile.m */; };
		88101BF717E630C800B7A198 /* IDViewController.m in Sources */ = {isa = PBXBuildFile; fileRef = 88101BF617E630C800B7A198 /* IDViewController.m */; };
		88101BFB17E6362500B7A198 /* ViewsList.plist in Resources */ = {isa = PBXBuildFile; fileRef = 88101BF917E6362500B7A198 /* ViewsList.plist */; };
		881382351788B9E900C09E68 /* IDManagerDownloaders.m in Sources */ = {isa = PBXBuildFile; fileRef = 881382341788B9E900C09E68 /* IDManagerDownloaders.m */; };
		881382381788C14200C09E68 /* IDDownloaderBuilder.m in Sources */ = {isa = PBXBuildFile; fileRef = 881382371788C14200C09E68 /* IDDownloaderBuilder.m */; };
		884185071787763200213CCB /* IDDownloadContext.m in Sources */ = {isa = PBXBuildFile; fileRef = 884185061787763200213CCB /* IDDownloadContext.m */; };
		886613A517E47A4B001B7F75 /* IDManagerViewController_iPad.xib in Resources */ = {isa = PBXBuildFile; fileRef = 886613A117E47A4B001B7F75 /* IDManagerViewController_iPad.xib */; };
		886613A617E47A4B001B7F75 /* IDManagerViewController_iPhone.xib in Resources */ = {isa = PBXBuildFile; fileRef = 886613A317E47A4B001B7F75 /* IDManagerViewController_iPhone.xib */; };
		88A42F7D178774B8009FB554 /* UIKit.framework in Frameworks */ = {isa = PBXBuildFile; fileRef = 88A42F7C178774B8009FB554 /* UIKit.framework */; };
		88A42F7F178774B8009FB554 /* Foundation.framework in Frameworks */ = {isa = PBXBuildFile; fileRef = 88A42F7E178774B8009FB554 /* Foundation.framework */; };
		88A42F81178774B8009FB554 /* CoreGraphics.framework in Frameworks */ = {isa = PBXBuildFile; fileRef = 88A42F80178774B8009FB554 /* CoreGraphics.framework */; };
		88A42F87178774B8009FB554 /* InfoPlist.strings in Resources */ = {isa = PBXBuildFile; fileRef = 88A42F85178774B8009FB554 /* InfoPlist.strings */; };
		88A42F89178774B8009FB554 /* main.m in Sources */ = {isa = PBXBuildFile; fileRef = 88A42F88178774B8009FB554 /* main.m */; };
		88A42F8F178774B8009FB554 /* Default.png in Resources */ = {isa = PBXBuildFile; fileRef = 88A42F8E178774B8009FB554 /* Default.png */; };
		88A42F91178774B8009FB554 /* Default@2x.png in Resources */ = {isa = PBXBuildFile; fileRef = 88A42F90178774B8009FB554 /* Default@2x.png */; };
		88A42F93178774B8009FB554 /* Default-568h@2x.png in Resources */ = {isa = PBXBuildFile; fileRef = 88A42F92178774B8009FB554 /* Default-568h@2x.png */; };
		88A42FA8178774E9009FB554 /* IDAppDelegate.m in Sources */ = {isa = PBXBuildFile; fileRef = 88A42FA4178774E9009FB554 /* IDAppDelegate.m */; };
		88A42FA9178774E9009FB554 /* IDManagerViewController.m in Sources */ = {isa = PBXBuildFile; fileRef = 88A42FA6178774E9009FB554 /* IDManagerViewController.m */; };
		88A42FAF1787751B009FB554 /* AppledocSettings.plist in Resources */ = {isa = PBXBuildFile; fileRef = 88A42FAE1787751B009FB554 /* AppledocSettings.plist */; };
		88C8874417EE0C9000C3447B /* IDBrowserViewController.m in Sources */ = {isa = PBXBuildFile; fileRef = 88C8874217EE0C9000C3447B /* IDBrowserViewController.m */; };
		88C8874817EE0D0100C3447B /* IDBrowserViewController.xib in Resources */ = {isa = PBXBuildFile; fileRef = 88C8874617EE0D0100C3447B /* IDBrowserViewController.xib */; };
		88C8874C17EE168100C3447B /* IDBarButtonItem.m in Sources */ = {isa = PBXBuildFile; fileRef = 88C8874B17EE168100C3447B /* IDBarButtonItem.m */; };
		88C8874F17EE17E800C3447B /* IDBarButtonView.m in Sources */ = {isa = PBXBuildFile; fileRef = 88C8874E17EE17E800C3447B /* IDBarButtonView.m */; };
		88ECD331178820A000B7F287 /* IDDownloadOperation+IDDownloadOperation_Protected.m in Sources */ = {isa = PBXBuildFile; fileRef = 88ECD330178820A000B7F287 /* IDDownloadOperation+IDDownloadOperation_Protected.m */; };
		88ECD33617882C4D00B7F287 /* IDDownloader.m in Sources */ = {isa = PBXBuildFile; fileRef = 88ECD33517882C4D00B7F287 /* IDDownloader.m */; };
		88F3E30017877BC200CD5AE4 /* IDDownloadOperation.m in Sources */ = {isa = PBXBuildFile; fileRef = 88F3E2FF17877BC200CD5AE4 /* IDDownloadOperation.m */; };
/* End PBXBuildFile section */

/* Begin PBXFileReference section */
		880B0245178862D2005BAD60 /* IDFile.h */ = {isa = PBXFileReference; fileEncoding = 4; lastKnownFileType = sourcecode.c.h; path = IDFile.h; sourceTree = "<group>"; };
		880B0246178862D2005BAD60 /* IDFile.m */ = {isa = PBXFileReference; fileEncoding = 4; lastKnownFileType = sourcecode.c.objc; path = IDFile.m; sourceTree = "<group>"; };
		88101BF517E630C800B7A198 /* IDViewController.h */ = {isa = PBXFileReference; fileEncoding = 4; lastKnownFileType = sourcecode.c.h; path = IDViewController.h; sourceTree = "<group>"; };
		88101BF617E630C800B7A198 /* IDViewController.m */ = {isa = PBXFileReference; fileEncoding = 4; lastKnownFileType = sourcecode.c.objc; path = IDViewController.m; sourceTree = "<group>"; };
		88101BFA17E6362500B7A198 /* en */ = {isa = PBXFileReference; lastKnownFileType = text.plist.xml; name = en; path = iDownloader/en.lproj/ViewsList.plist; sourceTree = SOURCE_ROOT; };
		881382331788B9E900C09E68 /* IDManagerDownloaders.h */ = {isa = PBXFileReference; fileEncoding = 4; lastKnownFileType = sourcecode.c.h; path = IDManagerDownloaders.h; sourceTree = "<group>"; };
		881382341788B9E900C09E68 /* IDManagerDownloaders.m */ = {isa = PBXFileReference; fileEncoding = 4; lastKnownFileType = sourcecode.c.objc; path = IDManagerDownloaders.m; sourceTree = "<group>"; };
		881382361788C14200C09E68 /* IDDownloaderBuilder.h */ = {isa = PBXFileReference; fileEncoding = 4; lastKnownFileType = sourcecode.c.h; path = IDDownloaderBuilder.h; sourceTree = "<group>"; };
		881382371788C14200C09E68 /* IDDownloaderBuilder.m */ = {isa = PBXFileReference; fileEncoding = 4; lastKnownFileType = sourcecode.c.objc; path = IDDownloaderBuilder.m; sourceTree = "<group>"; };
		88418504178775E100213CCB /* IDDownload.h */ = {isa = PBXFileReference; fileEncoding = 4; lastKnownFileType = sourcecode.c.h; path = IDDownload.h; sourceTree = "<group>"; };
		884185051787763200213CCB /* IDDownloadContext.h */ = {isa = PBXFileReference; fileEncoding = 4; lastKnownFileType = sourcecode.c.h; path = IDDownloadContext.h; sourceTree = "<group>"; };
		884185061787763200213CCB /* IDDownloadContext.m */ = {isa = PBXFileReference; fileEncoding = 4; lastKnownFileType = sourcecode.c.objc; path = IDDownloadContext.m; sourceTree = "<group>"; };
		886613A217E47A4B001B7F75 /* en */ = {isa = PBXFileReference; lastKnownFileType = file.xib; name = en; path = iDownloader/en.lproj/IDManagerViewController_iPad.xib; sourceTree = SOURCE_ROOT; };
		886613A417E47A4B001B7F75 /* en */ = {isa = PBXFileReference; lastKnownFileType = file.xib; name = en; path = iDownloader/en.lproj/IDManagerViewController_iPhone.xib; sourceTree = SOURCE_ROOT; };
		88A42F79178774B8009FB554 /* iDownloader.app */ = {isa = PBXFileReference; explicitFileType = wrapper.application; includeInIndex = 0; path = iDownloader.app; sourceTree = BUILT_PRODUCTS_DIR; };
		88A42F7C178774B8009FB554 /* UIKit.framework */ = {isa = PBXFileReference; lastKnownFileType = wrapper.framework; name = UIKit.framework; path = System/Library/Frameworks/UIKit.framework; sourceTree = SDKROOT; };
		88A42F7E178774B8009FB554 /* Foundation.framework */ = {isa = PBXFileReference; lastKnownFileType = wrapper.framework; name = Foundation.framework; path = System/Library/Frameworks/Foundation.framework; sourceTree = SDKROOT; };
		88A42F80178774B8009FB554 /* CoreGraphics.framework */ = {isa = PBXFileReference; lastKnownFileType = wrapper.framework; name = CoreGraphics.framework; path = System/Library/Frameworks/CoreGraphics.framework; sourceTree = SDKROOT; };
		88A42F84178774B8009FB554 /* iDownloader-Info.plist */ = {isa = PBXFileReference; lastKnownFileType = text.plist.xml; path = "iDownloader-Info.plist"; sourceTree = "<group>"; };
		88A42F86178774B8009FB554 /* en */ = {isa = PBXFileReference; lastKnownFileType = text.plist.strings; name = en; path = en.lproj/InfoPlist.strings; sourceTree = "<group>"; };
		88A42F88178774B8009FB554 /* main.m */ = {isa = PBXFileReference; lastKnownFileType = sourcecode.c.objc; path = main.m; sourceTree = "<group>"; };
		88A42F8A178774B8009FB554 /* iDownloader-Prefix.pch */ = {isa = PBXFileReference; lastKnownFileType = sourcecode.c.h; path = "iDownloader-Prefix.pch"; sourceTree = "<group>"; };
		88A42F8E178774B8009FB554 /* Default.png */ = {isa = PBXFileReference; lastKnownFileType = image.png; path = Default.png; sourceTree = "<group>"; };
		88A42F90178774B8009FB554 /* Default@2x.png */ = {isa = PBXFileReference; lastKnownFileType = image.png; path = "Default@2x.png"; sourceTree = "<group>"; };
		88A42F92178774B8009FB554 /* Default-568h@2x.png */ = {isa = PBXFileReference; lastKnownFileType = image.png; path = "Default-568h@2x.png"; sourceTree = "<group>"; };
		88A42FA3178774E9009FB554 /* IDAppDelegate.h */ = {isa = PBXFileReference; fileEncoding = 4; lastKnownFileType = sourcecode.c.h; path = IDAppDelegate.h; sourceTree = "<group>"; };
		88A42FA4178774E9009FB554 /* IDAppDelegate.m */ = {isa = PBXFileReference; fileEncoding = 4; lastKnownFileType = sourcecode.c.objc; path = IDAppDelegate.m; sourceTree = "<group>"; };
		88A42FA5178774E9009FB554 /* IDManagerViewController.h */ = {isa = PBXFileReference; fileEncoding = 4; lastKnownFileType = sourcecode.c.h; path = IDManagerViewController.h; sourceTree = "<group>"; };
		88A42FA6178774E9009FB554 /* IDManagerViewController.m */ = {isa = PBXFileReference; fileEncoding = 4; lastKnownFileType = sourcecode.c.objc; path = IDManagerViewController.m; sourceTree = "<group>"; };
		88A42FAE1787751B009FB554 /* AppledocSettings.plist */ = {isa = PBXFileReference; fileEncoding = 4; lastKnownFileType = text.plist.xml; path = AppledocSettings.plist; sourceTree = "<group>"; };
		88C8874117EE0C9000C3447B /* IDBrowserViewController.h */ = {isa = PBXFileReference; fileEncoding = 4; lastKnownFileType = sourcecode.c.h; path = IDBrowserViewController.h; sourceTree = "<group>"; };
		88C8874217EE0C9000C3447B /* IDBrowserViewController.m */ = {isa = PBXFileReference; fileEncoding = 4; lastKnownFileType = sourcecode.c.objc; path = IDBrowserViewController.m; sourceTree = "<group>"; };
		88C8874717EE0D0100C3447B /* en */ = {isa = PBXFileReference; lastKnownFileType = file.xib; name = en; path = iDownloader/en.lproj/IDBrowserViewController.xib; sourceTree = SOURCE_ROOT; };
		88C8874A17EE168100C3447B /* IDBarButtonItem.h */ = {isa = PBXFileReference; fileEncoding = 4; lastKnownFileType = sourcecode.c.h; path = IDBarButtonItem.h; sourceTree = "<group>"; };
		88C8874B17EE168100C3447B /* IDBarButtonItem.m */ = {isa = PBXFileReference; fileEncoding = 4; lastKnownFileType = sourcecode.c.objc; path = IDBarButtonItem.m; sourceTree = "<group>"; };
		88C8874D17EE17E800C3447B /* IDBarButtonView.h */ = {isa = PBXFileReference; fileEncoding = 4; lastKnownFileType = sourcecode.c.h; path = IDBarButtonView.h; sourceTree = "<group>"; };
		88C8874E17EE17E800C3447B /* IDBarButtonView.m */ = {isa = PBXFileReference; fileEncoding = 4; lastKnownFileType = sourcecode.c.objc; path = IDBarButtonView.m; sourceTree = "<group>"; };
		88ECD32F178820A000B7F287 /* IDDownloadOperation+IDDownloadOperation_Protected.h */ = {isa = PBXFileReference; fileEncoding = 4; lastKnownFileType = sourcecode.c.h; path = "IDDownloadOperation+IDDownloadOperation_Protected.h"; sourceTree = "<group>"; };
		88ECD330178820A000B7F287 /* IDDownloadOperation+IDDownloadOperation_Protected.m */ = {isa = PBXFileReference; fileEncoding = 4; lastKnownFileType = sourcecode.c.objc; path = "IDDownloadOperation+IDDownloadOperation_Protected.m"; sourceTree = "<group>"; };
		88ECD33417882C4D00B7F287 /* IDDownloader.h */ = {isa = PBXFileReference; fileEncoding = 4; lastKnownFileType = sourcecode.c.h; path = IDDownloader.h; sourceTree = "<group>"; };
		88ECD33517882C4D00B7F287 /* IDDownloader.m */ = {isa = PBXFileReference; fileEncoding = 4; lastKnownFileType = sourcecode.c.objc; path = IDDownloader.m; sourceTree = "<group>"; };
		88F3E2FE17877BC200CD5AE4 /* IDDownloadOperation.h */ = {isa = PBXFileReference; fileEncoding = 4; lastKnownFileType = sourcecode.c.h; path = IDDownloadOperation.h; sourceTree = "<group>"; };
		88F3E2FF17877BC200CD5AE4 /* IDDownloadOperation.m */ = {isa = PBXFileReference; fileEncoding = 4; lastKnownFileType = sourcecode.c.objc; path = IDDownloadOperation.m; sourceTree = "<group>"; };
/* End PBXFileReference section */

/* Begin PBXFrameworksBuildPhase section */
		88A42F76178774B8009FB554 /* Frameworks */ = {
			isa = PBXFrameworksBuildPhase;
			buildActionMask = 2147483647;
			files = (
				88A42F7D178774B8009FB554 /* UIKit.framework in Frameworks */,
				88A42F7F178774B8009FB554 /* Foundation.framework in Frameworks */,
				88A42F81178774B8009FB554 /* CoreGraphics.framework in Frameworks */,
			);
			runOnlyForDeploymentPostprocessing = 0;
		};
/* End PBXFrameworksBuildPhase section */

/* Begin PBXGroup section */
		88101BF817E635FD00B7A198 /* Plists */ = {
			isa = PBXGroup;
			children = (
				88101BF917E6362500B7A198 /* ViewsList.plist */,
			);
			name = Plists;
			sourceTree = "<group>";
		};
		88418501178775B400213CCB /* View Controllers */ = {
			isa = PBXGroup;
			children = (
				88C8874917EE166000C3447B /* Views */,
				88A42FA5178774E9009FB554 /* IDManagerViewController.h */,
				88A42FA6178774E9009FB554 /* IDManagerViewController.m */,
				88101BF517E630C800B7A198 /* IDViewController.h */,
				88101BF617E630C800B7A198 /* IDViewController.m */,
				88C8874117EE0C9000C3447B /* IDBrowserViewController.h */,
				88C8874217EE0C9000C3447B /* IDBrowserViewController.m */,
			);
			name = "View Controllers";
			sourceTree = "<group>";
		};
		88418502178775C100213CCB /* App */ = {
			isa = PBXGroup;
			children = (
				88418503178775C600213CCB /* Downloader */,
				880B0245178862D2005BAD60 /* IDFile.h */,
				880B0246178862D2005BAD60 /* IDFile.m */,
			);
			name = App;
			sourceTree = "<group>";
		};
		88418503178775C600213CCB /* Downloader */ = {
			isa = PBXGroup;
			children = (
				88F3E2FB17877B6500CD5AE4 /* Root Download Class */,
				88F3E2FC17877B7F00CD5AE4 /* Download Model */,
				88F3E2FD17877B9900CD5AE4 /* Download Operations */,
				881382361788C14200C09E68 /* IDDownloaderBuilder.h */,
				881382371788C14200C09E68 /* IDDownloaderBuilder.m */,
			);
			name = Downloader;
			sourceTree = "<group>";
		};
		88A42F70178774B8009FB554 = {
			isa = PBXGroup;
			children = (
				88A42F82178774B8009FB554 /* iDownloader */,
				88A42F7B178774B8009FB554 /* Frameworks */,
				88A42F7A178774B8009FB554 /* Products */,
			);
			sourceTree = "<group>";
		};
		88A42F7A178774B8009FB554 /* Products */ = {
			isa = PBXGroup;
			children = (
				88A42F79178774B8009FB554 /* iDownloader.app */,
			);
			name = Products;
			sourceTree = "<group>";
		};
		88A42F7B178774B8009FB554 /* Frameworks */ = {
			isa = PBXGroup;
			children = (
				88A42F7C178774B8009FB554 /* UIKit.framework */,
				88A42F7E178774B8009FB554 /* Foundation.framework */,
				88A42F80178774B8009FB554 /* CoreGraphics.framework */,
			);
			name = Frameworks;
			sourceTree = "<group>";
		};
		88A42F82178774B8009FB554 /* iDownloader */ = {
			isa = PBXGroup;
			children = (
				88A42FA2178774E9009FB554 /* Classes */,
				88A42FA7178774E9009FB554 /* Resource */,
				88A42F83178774B8009FB554 /* Supporting Files */,
			);
			path = iDownloader;
			sourceTree = "<group>";
		};
		88A42F83178774B8009FB554 /* Supporting Files */ = {
			isa = PBXGroup;
			children = (
				88A42FAE1787751B009FB554 /* AppledocSettings.plist */,
				88A42F84178774B8009FB554 /* iDownloader-Info.plist */,
				88A42F85178774B8009FB554 /* InfoPlist.strings */,
				88A42F88178774B8009FB554 /* main.m */,
				88A42F8A178774B8009FB554 /* iDownloader-Prefix.pch */,
				88A42F8E178774B8009FB554 /* Default.png */,
				88A42F90178774B8009FB554 /* Default@2x.png */,
				88A42F92178774B8009FB554 /* Default-568h@2x.png */,
			);
			name = "Supporting Files";
			sourceTree = "<group>";
		};
		88A42FA2178774E9009FB554 /* Classes */ = {
			isa = PBXGroup;
			children = (
				88418502178775C100213CCB /* App */,
				88418501178775B400213CCB /* View Controllers */,
				88A42FA3178774E9009FB554 /* IDAppDelegate.h */,
				88A42FA4178774E9009FB554 /* IDAppDelegate.m */,
			);
			path = Classes;
			sourceTree = "<group>";
		};
		88A42FA7178774E9009FB554 /* Resource */ = {
			isa = PBXGroup;
			children = (
				88101BF817E635FD00B7A198 /* Plists */,
				886613A117E47A4B001B7F75 /* IDManagerViewController_iPad.xib */,
				886613A317E47A4B001B7F75 /* IDManagerViewController_iPhone.xib */,
				88C8874617EE0D0100C3447B /* IDBrowserViewController.xib */,
			);
			path = Resource;
			sourceTree = "<group>";
		};
		88C8874917EE166000C3447B /* Views */ = {
			isa = PBXGroup;
			children = (
				88C8874A17EE168100C3447B /* IDBarButtonItem.h */,
				88C8874B17EE168100C3447B /* IDBarButtonItem.m */,
				88C8874D17EE17E800C3447B /* IDBarButtonView.h */,
				88C8874E17EE17E800C3447B /* IDBarButtonView.m */,
			);
			name = Views;
			sourceTree = "<group>";
		};
		88ECD33217882C1800B7F287 /* Root Class */ = {
			isa = PBXGroup;
			children = (
				88ECD32F178820A000B7F287 /* IDDownloadOperation+IDDownloadOperation_Protected.h */,
				88ECD330178820A000B7F287 /* IDDownloadOperation+IDDownloadOperation_Protected.m */,
				88F3E2FE17877BC200CD5AE4 /* IDDownloadOperation.h */,
				88F3E2FF17877BC200CD5AE4 /* IDDownloadOperation.m */,
			);
			name = "Root Class";
			sourceTree = "<group>";
		};
		88ECD33317882C2800B7F287 /* Concrete Classes */ = {
			isa = PBXGroup;
			children = (
				88ECD33417882C4D00B7F287 /* IDDownloader.h */,
				88ECD33517882C4D00B7F287 /* IDDownloader.m */,
				881382331788B9E900C09E68 /* IDManagerDownloaders.h */,
				881382341788B9E900C09E68 /* IDManagerDownloaders.m */,
			);
			name = "Concrete Classes";
			sourceTree = "<group>";
		};
		88F3E2FB17877B6500CD5AE4 /* Root Download Class */ = {
			isa = PBXGroup;
			children = (
				88418504178775E100213CCB /* IDDownload.h */,
			);
			name = "Root Download Class";
			sourceTree = "<group>";
		};
		88F3E2FC17877B7F00CD5AE4 /* Download Model */ = {
			isa = PBXGroup;
			children = (
				884185051787763200213CCB /* IDDownloadContext.h */,
				884185061787763200213CCB /* IDDownloadContext.m */,
			);
			name = "Download Model";
			sourceTree = "<group>";
		};
		88F3E2FD17877B9900CD5AE4 /* Download Operations */ = {
			isa = PBXGroup;
			children = (
				88ECD33217882C1800B7F287 /* Root Class */,
				88ECD33317882C2800B7F287 /* Concrete Classes */,
			);
			name = "Download Operations";
			sourceTree = "<group>";
		};
/* End PBXGroup section */

/* Begin PBXNativeTarget section */
		88A42F78178774B8009FB554 /* iDownloader */ = {
			isa = PBXNativeTarget;
			buildConfigurationList = 88A42F9F178774B8009FB554 /* Build configuration list for PBXNativeTarget "iDownloader" */;
			buildPhases = (
				88A42F75178774B8009FB554 /* Sources */,
				88A42F76178774B8009FB554 /* Frameworks */,
				88A42F77178774B8009FB554 /* Resources */,
			);
			buildRules = (
			);
			dependencies = (
			);
			name = iDownloader;
			productName = iDownloader;
			productReference = 88A42F79178774B8009FB554 /* iDownloader.app */;
			productType = "com.apple.product-type.application";
		};
/* End PBXNativeTarget section */

/* Begin PBXProject section */
		88A42F71178774B8009FB554 /* Project object */ = {
			isa = PBXProject;
			attributes = {
				CLASSPREFIX = ID;
				LastUpgradeCheck = 0460;
				ORGANIZATIONNAME = Asisiov;
			};
			buildConfigurationList = 88A42F74178774B8009FB554 /* Build configuration list for PBXProject "iDownloader" */;
			compatibilityVersion = "Xcode 3.2";
			developmentRegion = English;
			hasScannedForEncodings = 0;
			knownRegions = (
				en,
			);
			mainGroup = 88A42F70178774B8009FB554;
			productRefGroup = 88A42F7A178774B8009FB554 /* Products */;
			projectDirPath = "";
			projectRoot = "";
			targets = (
				88A42F78178774B8009FB554 /* iDownloader */,
				88A42FAA17877504009FB554 /* Documentation */,
			);
		};
/* End PBXProject section */

/* Begin PBXResourcesBuildPhase section */
		88A42F77178774B8009FB554 /* Resources */ = {
			isa = PBXResourcesBuildPhase;
			buildActionMask = 2147483647;
			files = (
				88C8874817EE0D0100C3447B /* IDBrowserViewController.xib in Resources */,
				88A42F87178774B8009FB554 /* InfoPlist.strings in Resources */,
				886613A617E47A4B001B7F75 /* IDManagerViewController_iPhone.xib in Resources */,
				886613A517E47A4B001B7F75 /* IDManagerViewController_iPad.xib in Resources */,
				88101BFB17E6362500B7A198 /* ViewsList.plist in Resources */,
				88A42F8F178774B8009FB554 /* Default.png in Resources */,
				88A42F91178774B8009FB554 /* Default@2x.png in Resources */,
				88A42F93178774B8009FB554 /* Default-568h@2x.png in Resources */,
				88A42FAF1787751B009FB554 /* AppledocSettings.plist in Resources */,
			);
			runOnlyForDeploymentPostprocessing = 0;
		};
/* End PBXResourcesBuildPhase section */

/* Begin PBXShellScriptBuildPhase section */
		88A42FB017877583009FB554 /* ShellScript */ = {
			isa = PBXShellScriptBuildPhase;
			buildActionMask = 2147483647;
			files = (
			);
			inputPaths = (
			);
			outputPaths = (
			);
			runOnlyForDeploymentPostprocessing = 0;
			shellPath = /bin/sh;
			shellScript = "appledoc --logformat xcode \"${PROJECT_DIR}\"\nexit 0";
		};
/* End PBXShellScriptBuildPhase section */

/* Begin PBXSourcesBuildPhase section */
		88A42F75178774B8009FB554 /* Sources */ = {
			isa = PBXSourcesBuildPhase;
			buildActionMask = 2147483647;
			files = (
				88C8874417EE0C9000C3447B /* IDBrowserViewController.m in Sources */,
				88A42F89178774B8009FB554 /* main.m in Sources */,
				88A42FA8178774E9009FB554 /* IDAppDelegate.m in Sources */,
				88A42FA9178774E9009FB554 /* IDManagerViewController.m in Sources */,
				884185071787763200213CCB /* IDDownloadContext.m in Sources */,
				88F3E30017877BC200CD5AE4 /* IDDownloadOperation.m in Sources */,
				88101BF717E630C800B7A198 /* IDViewController.m in Sources */,
				88ECD331178820A000B7F287 /* IDDownloadOperation+IDDownloadOperation_Protected.m in Sources */,
				88ECD33617882C4D00B7F287 /* IDDownloader.m in Sources */,
				88C8874F17EE17E800C3447B /* IDBarButtonView.m in Sources */,
				880B0247178862D2005BAD60 /* IDFile.m in Sources */,
				881382351788B9E900C09E68 /* IDManagerDownloaders.m in Sources */,
				881382381788C14200C09E68 /* IDDownloaderBuilder.m in Sources */,
				88C8874C17EE168100C3447B /* IDBarButtonItem.m in Sources */,
			);
			runOnlyForDeploymentPostprocessing = 0;
		};
/* End PBXSourcesBuildPhase section */

/* Begin PBXVariantGroup section */
		88101BF917E6362500B7A198 /* ViewsList.plist */ = {
			isa = PBXVariantGroup;
			children = (
				88101BFA17E6362500B7A198 /* en */,
			);
			name = ViewsList.plist;
			sourceTree = "<group>";
		};
		886613A117E47A4B001B7F75 /* IDManagerViewController_iPad.xib */ = {
			isa = PBXVariantGroup;
			children = (
				886613A217E47A4B001B7F75 /* en */,
			);
			name = IDManagerViewController_iPad.xib;
			sourceTree = "<group>";
		};
		886613A317E47A4B001B7F75 /* IDManagerViewController_iPhone.xib */ = {
			isa = PBXVariantGroup;
			children = (
				886613A417E47A4B001B7F75 /* en */,
			);
			name = IDManagerViewController_iPhone.xib;
			sourceTree = "<group>";
		};
		88A42F85178774B8009FB554 /* InfoPlist.strings */ = {
			isa = PBXVariantGroup;
			children = (
				88A42F86178774B8009FB554 /* en */,
			);
			name = InfoPlist.strings;
			sourceTree = "<group>";
		};
		88C8874617EE0D0100C3447B /* IDBrowserViewController.xib */ = {
			isa = PBXVariantGroup;
			children = (
				88C8874717EE0D0100C3447B /* en */,
			);
			name = IDBrowserViewController.xib;
			sourceTree = "<group>";
		};
/* End PBXVariantGroup section */

/* Begin XCBuildConfiguration section */
		88A42F9D178774B8009FB554 /* Debug */ = {
			isa = XCBuildConfiguration;
			buildSettings = {
				ALWAYS_SEARCH_USER_PATHS = NO;
				CLANG_CXX_LANGUAGE_STANDARD = "gnu++0x";
				CLANG_CXX_LIBRARY = "libc++";
				CLANG_WARN_CONSTANT_CONVERSION = YES;
				CLANG_WARN_EMPTY_BODY = YES;
				CLANG_WARN_ENUM_CONVERSION = YES;
				CLANG_WARN_INT_CONVERSION = YES;
				CLANG_WARN__DUPLICATE_METHOD_MATCH = YES;
				"CODE_SIGN_IDENTITY[sdk=iphoneos*]" = "iPhone Developer";
				COPY_PHASE_STRIP = NO;
				GCC_C_LANGUAGE_STANDARD = gnu99;
				GCC_DYNAMIC_NO_PIC = NO;
				GCC_OPTIMIZATION_LEVEL = 0;
				GCC_PREPROCESSOR_DEFINITIONS = (
					"DEBUG=1",
					"$(inherited)",
				);
				GCC_SYMBOLS_PRIVATE_EXTERN = NO;
				GCC_WARN_ABOUT_RETURN_TYPE = YES;
				GCC_WARN_UNINITIALIZED_AUTOS = YES;
				GCC_WARN_UNUSED_VARIABLE = YES;
				IPHONEOS_DEPLOYMENT_TARGET = 4.3;
				ONLY_ACTIVE_ARCH = YES;
				SDKROOT = iphoneos;
				TARGETED_DEVICE_FAMILY = "1,2";
			};
			name = Debug;
		};
		88A42F9E178774B8009FB554 /* Release */ = {
			isa = XCBuildConfiguration;
			buildSettings = {
				ALWAYS_SEARCH_USER_PATHS = NO;
				CLANG_CXX_LANGUAGE_STANDARD = "gnu++0x";
				CLANG_CXX_LIBRARY = "libc++";
				CLANG_WARN_CONSTANT_CONVERSION = YES;
				CLANG_WARN_EMPTY_BODY = YES;
				CLANG_WARN_ENUM_CONVERSION = YES;
				CLANG_WARN_INT_CONVERSION = YES;
				CLANG_WARN__DUPLICATE_METHOD_MATCH = YES;
				"CODE_SIGN_IDENTITY[sdk=iphoneos*]" = "iPhone Developer";
				COPY_PHASE_STRIP = YES;
				GCC_C_LANGUAGE_STANDARD = gnu99;
				GCC_WARN_ABOUT_RETURN_TYPE = YES;
				GCC_WARN_UNINITIALIZED_AUTOS = YES;
				GCC_WARN_UNUSED_VARIABLE = YES;
				IPHONEOS_DEPLOYMENT_TARGET = 4.3;
				OTHER_CFLAGS = "-DNS_BLOCK_ASSERTIONS=1";
				SDKROOT = iphoneos;
				TARGETED_DEVICE_FAMILY = "1,2";
				VALIDATE_PRODUCT = YES;
			};
			name = Release;
		};
		88A42FA0178774B8009FB554 /* Debug */ = {
			isa = XCBuildConfiguration;
			buildSettings = {
				CODE_SIGN_IDENTITY = "iPhone Developer";
				GCC_PRECOMPILE_PREFIX_HEADER = YES;
				GCC_PREFIX_HEADER = "iDownloader/iDownloader-Prefix.pch";
				INFOPLIST_FILE = "iDownloader/iDownloader-Info.plist";
				IPHONEOS_DEPLOYMENT_TARGET = 6.0;
				PRODUCT_NAME = "$(TARGET_NAME)";
				WRAPPER_EXTENSION = app;
			};
			name = Debug;
		};
		88A42FA1178774B8009FB554 /* Release */ = {
			isa = XCBuildConfiguration;
			buildSettings = {
				CODE_SIGN_IDENTITY = "iPhone Developer";
				GCC_PRECOMPILE_PREFIX_HEADER = YES;
				GCC_PREFIX_HEADER = "iDownloader/iDownloader-Prefix.pch";
				INFOPLIST_FILE = "iDownloader/iDownloader-Info.plist";
				IPHONEOS_DEPLOYMENT_TARGET = 6.0;
				PRODUCT_NAME = "$(TARGET_NAME)";
				WRAPPER_EXTENSION = app;
			};
			name = Release;
		};
		88A42FAC17877504009FB554 /* Debug */ = {
			isa = XCBuildConfiguration;
			buildSettings = {
				PRODUCT_NAME = "$(TARGET_NAME)";
			};
			name = Debug;
		};
		88A42FAD17877504009FB554 /* Release */ = {
			isa = XCBuildConfiguration;
			buildSettings = {
				PRODUCT_NAME = "$(TARGET_NAME)";
			};
			name = Release;
		};
/* End XCBuildConfiguration section */

/* Begin XCConfigurationList section */
		88A42F74178774B8009FB554 /* Build configuration list for PBXProject "iDownloader" */ = {
			isa = XCConfigurationList;
			buildConfigurations = (
				88A42F9D178774B8009FB554 /* Debug */,
				88A42F9E178774B8009FB554 /* Release */,
			);
			defaultConfigurationIsVisible = 0;
			defaultConfigurationName = Release;
		};
		88A42F9F178774B8009FB554 /* Build configuration list for PBXNativeTarget "iDownloader" */ = {
			isa = XCConfigurationList;
			buildConfigurations = (
				88A42FA0178774B8009FB554 /* Debug */,
				88A42FA1178774B8009FB554 /* Release */,
			);
			defaultConfigurationIsVisible = 0;
			defaultConfigurationName = Release;
		};
		88A42FAB17877504009FB554 /* Build configuration list for PBXAggregateTarget "Documentation" */ = {
			isa = XCConfigurationList;
			buildConfigurations = (
				88A42FAC17877504009FB554 /* Debug */,
				88A42FAD17877504009FB554 /* Release */,
			);
			defaultConfigurationIsVisible = 0;
			defaultConfigurationName = Release;
		};
/* End XCConfigurationList section */
	};
	rootObject = 88A42F71178774B8009FB554 /* Project object */;
}
